// !$*UTF8*$!
{
	archiveVersion = 1;
	classes = {
	};
	objectVersion = 56;
	objects = {

/* Begin PBXBuildFile section */
		ED508D5A2B4EF00000D37DD2 /* CardView.swift in Sources */ = {isa = PBXBuildFile; fileRef = ED508D592B4EF00000D37DD2 /* CardView.swift */; };
		ED8571BC2B4D9713002BCE7D /* SetGame.swift in Sources */ = {isa = PBXBuildFile; fileRef = ED8571BB2B4D9712002BCE7D /* SetGame.swift */; };
		ED8571BE2B4D99C2002BCE7D /* VanillaSetGame.swift in Sources */ = {isa = PBXBuildFile; fileRef = ED8571BD2B4D99C2002BCE7D /* VanillaSetGame.swift */; };
		ED8571C02B4D9F9F002BCE7D /* CardContent.swift in Sources */ = {isa = PBXBuildFile; fileRef = ED8571BF2B4D9F9F002BCE7D /* CardContent.swift */; };
		ED8EE4942B4C70B900A2A24F /* Set_CardGameApp.swift in Sources */ = {isa = PBXBuildFile; fileRef = ED8EE4932B4C70B900A2A24F /* Set_CardGameApp.swift */; };
		ED8EE4962B4C70B900A2A24F /* ContentView.swift in Sources */ = {isa = PBXBuildFile; fileRef = ED8EE4952B4C70B900A2A24F /* ContentView.swift */; };
		ED8EE4982B4C70BA00A2A24F /* Assets.xcassets in Resources */ = {isa = PBXBuildFile; fileRef = ED8EE4972B4C70BA00A2A24F /* Assets.xcassets */; };
		ED8EE49B2B4C70BA00A2A24F /* Preview Assets.xcassets in Resources */ = {isa = PBXBuildFile; fileRef = ED8EE49A2B4C70BA00A2A24F /* Preview Assets.xcassets */; };
		ED8EE4A22B4C720800A2A24F /* AspectVGrid.swift in Sources */ = {isa = PBXBuildFile; fileRef = ED8EE4A12B4C720800A2A24F /* AspectVGrid.swift */; };
		ED9A360B2B51C1EA00AF4133 /* CardContentView.swift in Sources */ = {isa = PBXBuildFile; fileRef = ED9A360A2B51C1EA00AF4133 /* CardContentView.swift */; };
/* End PBXBuildFile section */

/* Begin PBXFileReference section */
		ED508D592B4EF00000D37DD2 /* CardView.swift */ = {isa = PBXFileReference; lastKnownFileType = sourcecode.swift; path = CardView.swift; sourceTree = "<group>"; };
		ED8571BB2B4D9712002BCE7D /* SetGame.swift */ = {isa = PBXFileReference; lastKnownFileType = sourcecode.swift; path = SetGame.swift; sourceTree = "<group>"; };
		ED8571BD2B4D99C2002BCE7D /* VanillaSetGame.swift */ = {isa = PBXFileReference; lastKnownFileType = sourcecode.swift; path = VanillaSetGame.swift; sourceTree = "<group>"; };
		ED8571BF2B4D9F9F002BCE7D /* CardContent.swift */ = {isa = PBXFileReference; lastKnownFileType = sourcecode.swift; path = CardContent.swift; sourceTree = "<group>"; };
		ED8EE4902B4C70B900A2A24F /* Set-CardGame.app */ = {isa = PBXFileReference; explicitFileType = wrapper.application; includeInIndex = 0; path = "Set-CardGame.app"; sourceTree = BUILT_PRODUCTS_DIR; };
		ED8EE4932B4C70B900A2A24F /* Set_CardGameApp.swift */ = {isa = PBXFileReference; lastKnownFileType = sourcecode.swift; path = Set_CardGameApp.swift; sourceTree = "<group>"; };
		ED8EE4952B4C70B900A2A24F /* ContentView.swift */ = {isa = PBXFileReference; lastKnownFileType = sourcecode.swift; path = ContentView.swift; sourceTree = "<group>"; };
		ED8EE4972B4C70BA00A2A24F /* Assets.xcassets */ = {isa = PBXFileReference; lastKnownFileType = folder.assetcatalog; path = Assets.xcassets; sourceTree = "<group>"; };
		ED8EE49A2B4C70BA00A2A24F /* Preview Assets.xcassets */ = {isa = PBXFileReference; lastKnownFileType = folder.assetcatalog; path = "Preview Assets.xcassets"; sourceTree = "<group>"; };
		ED8EE4A12B4C720800A2A24F /* AspectVGrid.swift */ = {isa = PBXFileReference; fileEncoding = 4; lastKnownFileType = sourcecode.swift; name = AspectVGrid.swift; path = "Set-CardGame/AspectVGrid.swift"; sourceTree = SOURCE_ROOT; };
		ED9A360A2B51C1EA00AF4133 /* CardContentView.swift */ = {isa = PBXFileReference; lastKnownFileType = sourcecode.swift; path = CardContentView.swift; sourceTree = "<group>"; };
/* End PBXFileReference section */

/* Begin PBXFrameworksBuildPhase section */
		ED8EE48D2B4C70B900A2A24F /* Frameworks */ = {
			isa = PBXFrameworksBuildPhase;
			buildActionMask = 2147483647;
			files = (
			);
			runOnlyForDeploymentPostprocessing = 0;
		};
/* End PBXFrameworksBuildPhase section */

/* Begin PBXGroup section */
		ED8EE4872B4C70B900A2A24F = {
			isa = PBXGroup;
			children = (
				ED8EE4922B4C70B900A2A24F /* Set-CardGame */,
				ED8EE4912B4C70B900A2A24F /* Products */,
			);
			sourceTree = "<group>";
		};
		ED8EE4912B4C70B900A2A24F /* Products */ = {
			isa = PBXGroup;
			children = (
				ED8EE4902B4C70B900A2A24F /* Set-CardGame.app */,
			);
			name = Products;
			sourceTree = "<group>";
		};
		ED8EE4922B4C70B900A2A24F /* Set-CardGame */ = {
			isa = PBXGroup;
			children = (
				ED8EE4932B4C70B900A2A24F /* Set_CardGameApp.swift */,
				ED8EE4952B4C70B900A2A24F /* ContentView.swift */,
				ED8EE4A12B4C720800A2A24F /* AspectVGrid.swift */,
				ED8EE4972B4C70BA00A2A24F /* Assets.xcassets */,
				ED8EE4992B4C70BA00A2A24F /* Preview Content */,
				ED8571BB2B4D9712002BCE7D /* SetGame.swift */,
				ED8571BD2B4D99C2002BCE7D /* VanillaSetGame.swift */,
				ED8571BF2B4D9F9F002BCE7D /* CardContent.swift */,
				ED508D592B4EF00000D37DD2 /* CardView.swift */,
				ED9A360A2B51C1EA00AF4133 /* CardContentView.swift */,
			);
			path = "Set-CardGame";
			sourceTree = "<group>";
		};
		ED8EE4992B4C70BA00A2A24F /* Preview Content */ = {
			isa = PBXGroup;
			children = (
				ED8EE49A2B4C70BA00A2A24F /* Preview Assets.xcassets */,
			);
			path = "Preview Content";
			sourceTree = "<group>";
		};
/* End PBXGroup section */

/* Begin PBXNativeTarget section */
		ED8EE48F2B4C70B900A2A24F /* Set-CardGame */ = {
			isa = PBXNativeTarget;
			buildConfigurationList = ED8EE49E2B4C70BA00A2A24F /* Build configuration list for PBXNativeTarget "Set-CardGame" */;
			buildPhases = (
				ED8EE48C2B4C70B900A2A24F /* Sources */,
				ED8EE48D2B4C70B900A2A24F /* Frameworks */,
				ED8EE48E2B4C70B900A2A24F /* Resources */,
			);
			buildRules = (
			);
			dependencies = (
			);
			name = "Set-CardGame";
			productName = "Set-CardGame";
			productReference = ED8EE4902B4C70B900A2A24F /* Set-CardGame.app */;
			productType = "com.apple.product-type.application";
		};
/* End PBXNativeTarget section */

/* Begin PBXProject section */
		ED8EE4882B4C70B900A2A24F /* Project object */ = {
			isa = PBXProject;
			attributes = {
				BuildIndependentTargetsInParallel = 1;
				LastSwiftUpdateCheck = 1510;
				LastUpgradeCheck = 1510;
				TargetAttributes = {
					ED8EE48F2B4C70B900A2A24F = {
						CreatedOnToolsVersion = 15.1;
					};
				};
			};
			buildConfigurationList = ED8EE48B2B4C70B900A2A24F /* Build configuration list for PBXProject "Set-CardGame" */;
			compatibilityVersion = "Xcode 14.0";
			developmentRegion = en;
			hasScannedForEncodings = 0;
			knownRegions = (
				en,
				Base,
			);
			mainGroup = ED8EE4872B4C70B900A2A24F;
			productRefGroup = ED8EE4912B4C70B900A2A24F /* Products */;
			projectDirPath = "";
			projectRoot = "";
			targets = (
				ED8EE48F2B4C70B900A2A24F /* Set-CardGame */,
			);
		};
/* End PBXProject section */

/* Begin PBXResourcesBuildPhase section */
		ED8EE48E2B4C70B900A2A24F /* Resources */ = {
			isa = PBXResourcesBuildPhase;
			buildActionMask = 2147483647;
			files = (
				ED8EE49B2B4C70BA00A2A24F /* Preview Assets.xcassets in Resources */,
				ED8EE4982B4C70BA00A2A24F /* Assets.xcassets in Resources */,
			);
			runOnlyForDeploymentPostprocessing = 0;
		};
/* End PBXResourcesBuildPhase section */

/* Begin PBXSourcesBuildPhase section */
		ED8EE48C2B4C70B900A2A24F /* Sources */ = {
			isa = PBXSourcesBuildPhase;
			buildActionMask = 2147483647;
			files = (
				ED9A360B2B51C1EA00AF4133 /* CardContentView.swift in Sources */,
				ED508D5A2B4EF00000D37DD2 /* CardView.swift in Sources */,
				ED8571BE2B4D99C2002BCE7D /* VanillaSetGame.swift in Sources */,
				ED8EE4962B4C70B900A2A24F /* ContentView.swift in Sources */,
				ED8EE4942B4C70B900A2A24F /* Set_CardGameApp.swift in Sources */,
				ED8571C02B4D9F9F002BCE7D /* CardContent.swift in Sources */,
				ED8571BC2B4D9713002BCE7D /* SetGame.swift in Sources */,
				ED8EE4A22B4C720800A2A24F /* AspectVGrid.swift in Sources */,
			);
			runOnlyForDeploymentPostprocessing = 0;
		};
/* End PBXSourcesBuildPhase section */

/* Begin XCBuildConfiguration section */
		ED8EE49C2B4C70BA00A2A24F /* Debug */ = {
			isa = XCBuildConfiguration;
			buildSettings = {
				ALWAYS_SEARCH_USER_PATHS = NO;
				ASSETCATALOG_COMPILER_GENERATE_SWIFT_ASSET_SYMBOL_EXTENSIONS = YES;
				CLANG_ANALYZER_NONNULL = YES;
				CLANG_ANALYZER_NUMBER_OBJECT_CONVERSION = YES_AGGRESSIVE;
				CLANG_CXX_LANGUAGE_STANDARD = "gnu++20";
				CLANG_ENABLE_MODULES = YES;
				CLANG_ENABLE_OBJC_ARC = YES;
				CLANG_ENABLE_OBJC_WEAK = YES;
				CLANG_WARN_BLOCK_CAPTURE_AUTORELEASING = YES;
				CLANG_WARN_BOOL_CONVERSION = YES;
				CLANG_WARN_COMMA = YES;
				CLANG_WARN_CONSTANT_CONVERSION = YES;
				CLANG_WARN_DEPRECATED_OBJC_IMPLEMENTATIONS = YES;
				CLANG_WARN_DIRECT_OBJC_ISA_USAGE = YES_ERROR;
				CLANG_WARN_DOCUMENTATION_COMMENTS = YES;
				CLANG_WARN_EMPTY_BODY = YES;
				CLANG_WARN_ENUM_CONVERSION = YES;
				CLANG_WARN_INFINITE_RECURSION = YES;
				CLANG_WARN_INT_CONVERSION = YES;
				CLANG_WARN_NON_LITERAL_NULL_CONVERSION = YES;
				CLANG_WARN_OBJC_IMPLICIT_RETAIN_SELF = YES;
				CLANG_WARN_OBJC_LITERAL_CONVERSION = YES;
				CLANG_WARN_OBJC_ROOT_CLASS = YES_ERROR;
				CLANG_WARN_QUOTED_INCLUDE_IN_FRAMEWORK_HEADER = YES;
				CLANG_WARN_RANGE_LOOP_ANALYSIS = YES;
				CLANG_WARN_STRICT_PROTOTYPES = YES;
				CLANG_WARN_SUSPICIOUS_MOVE = YES;
				CLANG_WARN_UNGUARDED_AVAILABILITY = YES_AGGRESSIVE;
				CLANG_WARN_UNREACHABLE_CODE = YES;
				CLANG_WARN__DUPLICATE_METHOD_MATCH = YES;
				COPY_PHASE_STRIP = NO;
				DEBUG_INFORMATION_FORMAT = dwarf;
				ENABLE_STRICT_OBJC_MSGSEND = YES;
				ENABLE_TESTABILITY = YES;
				ENABLE_USER_SCRIPT_SANDBOXING = YES;
				GCC_C_LANGUAGE_STANDARD = gnu17;
				GCC_DYNAMIC_NO_PIC = NO;
				GCC_NO_COMMON_BLOCKS = YES;
				GCC_OPTIMIZATION_LEVEL = 0;
				GCC_PREPROCESSOR_DEFINITIONS = (
					"DEBUG=1",
					"$(inherited)",
				);
				GCC_WARN_64_TO_32_BIT_CONVERSION = YES;
				GCC_WARN_ABOUT_RETURN_TYPE = YES_ERROR;
				GCC_WARN_UNDECLARED_SELECTOR = YES;
				GCC_WARN_UNINITIALIZED_AUTOS = YES_AGGRESSIVE;
				GCC_WARN_UNUSED_FUNCTION = YES;
				GCC_WARN_UNUSED_VARIABLE = YES;
				IPHONEOS_DEPLOYMENT_TARGET = 17.2;
				LOCALIZATION_PREFERS_STRING_CATALOGS = YES;
				MTL_ENABLE_DEBUG_INFO = INCLUDE_SOURCE;
				MTL_FAST_MATH = YES;
				ONLY_ACTIVE_ARCH = YES;
				SDKROOT = iphoneos;
				SWIFT_ACTIVE_COMPILATION_CONDITIONS = "DEBUG $(inherited)";
				SWIFT_OPTIMIZATION_LEVEL = "-Onone";
			};
			name = Debug;
		};
		ED8EE49D2B4C70BA00A2A24F /* Release */ = {
			isa = XCBuildConfiguration;
			buildSettings = {
				ALWAYS_SEARCH_USER_PATHS = NO;
				ASSETCATALOG_COMPILER_GENERATE_SWIFT_ASSET_SYMBOL_EXTENSIONS = YES;
				CLANG_ANALYZER_NONNULL = YES;
				CLANG_ANALYZER_NUMBER_OBJECT_CONVERSION = YES_AGGRESSIVE;
				CLANG_CXX_LANGUAGE_STANDARD = "gnu++20";
				CLANG_ENABLE_MODULES = YES;
				CLANG_ENABLE_OBJC_ARC = YES;
				CLANG_ENABLE_OBJC_WEAK = YES;
				CLANG_WARN_BLOCK_CAPTURE_AUTORELEASING = YES;
				CLANG_WARN_BOOL_CONVERSION = YES;
				CLANG_WARN_COMMA = YES;
				CLANG_WARN_CONSTANT_CONVERSION = YES;
				CLANG_WARN_DEPRECATED_OBJC_IMPLEMENTATIONS = YES;
				CLANG_WARN_DIRECT_OBJC_ISA_USAGE = YES_ERROR;
				CLANG_WARN_DOCUMENTATION_COMMENTS = YES;
				CLANG_WARN_EMPTY_BODY = YES;
				CLANG_WARN_ENUM_CONVERSION = YES;
				CLANG_WARN_INFINITE_RECURSION = YES;
				CLANG_WARN_INT_CONVERSION = YES;
				CLANG_WARN_NON_LITERAL_NULL_CONVERSION = YES;
				CLANG_WARN_OBJC_IMPLICIT_RETAIN_SELF = YES;
				CLANG_WARN_OBJC_LITERAL_CONVERSION = YES;
				CLANG_WARN_OBJC_ROOT_CLASS = YES_ERROR;
				CLANG_WARN_QUOTED_INCLUDE_IN_FRAMEWORK_HEADER = YES;
				CLANG_WARN_RANGE_LOOP_ANALYSIS = YES;
				CLANG_WARN_STRICT_PROTOTYPES = YES;
				CLANG_WARN_SUSPICIOUS_MOVE = YES;
				CLANG_WARN_UNGUARDED_AVAILABILITY = YES_AGGRESSIVE;
				CLANG_WARN_UNREACHABLE_CODE = YES;
				CLANG_WARN__DUPLICATE_METHOD_MATCH = YES;
				COPY_PHASE_STRIP = NO;
				DEBUG_INFORMATION_FORMAT = "dwarf-with-dsym";
				ENABLE_NS_ASSERTIONS = NO;
				ENABLE_STRICT_OBJC_MSGSEND = YES;
				ENABLE_USER_SCRIPT_SANDBOXING = YES;
				GCC_C_LANGUAGE_STANDARD = gnu17;
				GCC_NO_COMMON_BLOCKS = YES;
				GCC_WARN_64_TO_32_BIT_CONVERSION = YES;
				GCC_WARN_ABOUT_RETURN_TYPE = YES_ERROR;
				GCC_WARN_UNDECLARED_SELECTOR = YES;
				GCC_WARN_UNINITIALIZED_AUTOS = YES_AGGRESSIVE;
				GCC_WARN_UNUSED_FUNCTION = YES;
				GCC_WARN_UNUSED_VARIABLE = YES;
				IPHONEOS_DEPLOYMENT_TARGET = 17.2;
				LOCALIZATION_PREFERS_STRING_CATALOGS = YES;
				MTL_ENABLE_DEBUG_INFO = NO;
				MTL_FAST_MATH = YES;
				SDKROOT = iphoneos;
				SWIFT_COMPILATION_MODE = wholemodule;
				VALIDATE_PRODUCT = YES;
			};
			name = Release;
		};
		ED8EE49F2B4C70BA00A2A24F /* Debug */ = {
			isa = XCBuildConfiguration;
			buildSettings = {
				ASSETCATALOG_COMPILER_APPICON_NAME = AppIcon;
				ASSETCATALOG_COMPILER_GLOBAL_ACCENT_COLOR_NAME = AccentColor;
				CODE_SIGN_STYLE = Automatic;
				CURRENT_PROJECT_VERSION = 1;
				DEVELOPMENT_ASSET_PATHS = "\"Set-CardGame/Preview Content\"";
				DEVELOPMENT_TEAM = VP4XQY33DA;
				ENABLE_PREVIEWS = YES;
				GENERATE_INFOPLIST_FILE = YES;
				INFOPLIST_KEY_UIApplicationSceneManifest_Generation = YES;
				INFOPLIST_KEY_UIApplicationSupportsIndirectInputEvents = YES;
				INFOPLIST_KEY_UILaunchScreen_Generation = YES;
				INFOPLIST_KEY_UISupportedInterfaceOrientations_iPad = "UIInterfaceOrientationPortrait UIInterfaceOrientationPortraitUpsideDown UIInterfaceOrientationLandscapeLeft UIInterfaceOrientationLandscapeRight";
				INFOPLIST_KEY_UISupportedInterfaceOrientations_iPhone = "UIInterfaceOrientationPortrait UIInterfaceOrientationLandscapeLeft UIInterfaceOrientationLandscapeRight";
				LD_RUNPATH_SEARCH_PATHS = (
					"$(inherited)",
					"@executable_path/Frameworks",
				);
				MARKETING_VERSION = 1.0;
				PRODUCT_BUNDLE_IDENTIFIER = "Daniel-Kim.Set-CardGame";
				PRODUCT_NAME = "$(TARGET_NAME)";
				SWIFT_EMIT_LOC_STRINGS = YES;
				SWIFT_VERSION = 5.0;
				TARGETED_DEVICE_FAMILY = "1,2";
			};
			name = Debug;
		};
		ED8EE4A02B4C70BA00A2A24F /* Release */ = {
			isa = XCBuildConfiguration;
			buildSettings = {
				ASSETCATALOG_COMPILER_APPICON_NAME = AppIcon;
				ASSETCATALOG_COMPILER_GLOBAL_ACCENT_COLOR_NAME = AccentColor;
				CODE_SIGN_STYLE = Automatic;
				CURRENT_PROJECT_VERSION = 1;
				DEVELOPMENT_ASSET_PATHS = "\"Set-CardGame/Preview Content\"";
				DEVELOPMENT_TEAM = VP4XQY33DA;
				ENABLE_PREVIEWS = YES;
				GENERATE_INFOPLIST_FILE = YES;
				INFOPLIST_KEY_UIApplicationSceneManifest_Generation = YES;
				INFOPLIST_KEY_UIApplicationSupportsIndirectInputEvents = YES;
				INFOPLIST_KEY_UILaunchScreen_Generation = YES;
				INFOPLIST_KEY_UISupportedInterfaceOrientations_iPad = "UIInterfaceOrientationPortrait UIInterfaceOrientationPortraitUpsideDown UIInterfaceOrientationLandscapeLeft UIInterfaceOrientationLandscapeRight";
				INFOPLIST_KEY_UISupportedInterfaceOrientations_iPhone = "UIInterfaceOrientationPortrait UIInterfaceOrientationLandscapeLeft UIInterfaceOrientationLandscapeRight";
				LD_RUNPATH_SEARCH_PATHS = (
					"$(inherited)",
					"@executable_path/Frameworks",
				);
				MARKETING_VERSION = 1.0;
				PRODUCT_BUNDLE_IDENTIFIER = "Daniel-Kim.Set-CardGame";
				PRODUCT_NAME = "$(TARGET_NAME)";
				SWIFT_EMIT_LOC_STRINGS = YES;
				SWIFT_VERSION = 5.0;
				TARGETED_DEVICE_FAMILY = "1,2";
			};
			name = Release;
		};
/* End XCBuildConfiguration section */

/* Begin XCConfigurationList section */
		ED8EE48B2B4C70B900A2A24F /* Build configuration list for PBXProject "Set-CardGame" */ = {
			isa = XCConfigurationList;
			buildConfigurations = (
				ED8EE49C2B4C70BA00A2A24F /* Debug */,
				ED8EE49D2B4C70BA00A2A24F /* Release */,
			);
			defaultConfigurationIsVisible = 0;
			defaultConfigurationName = Release;
		};
		ED8EE49E2B4C70BA00A2A24F /* Build configuration list for PBXNativeTarget "Set-CardGame" */ = {
			isa = XCConfigurationList;
			buildConfigurations = (
				ED8EE49F2B4C70BA00A2A24F /* Debug */,
				ED8EE4A02B4C70BA00A2A24F /* Release */,
			);
			defaultConfigurationIsVisible = 0;
			defaultConfigurationName = Release;
		};
/* End XCConfigurationList section */
	};
	rootObject = ED8EE4882B4C70B900A2A24F /* Project object */;
}
